// !$*UTF8*$!
{
	archiveVersion = 1;
	classes = {
	};
	objectVersion = 56;
	objects = {

/* Begin PBXBuildFile section */
		11236EC829E5ED76003D5D81 /* PokedexPTCApp.swift in Sources */ = {isa = PBXBuildFile; fileRef = 11236EC729E5ED76003D5D81 /* PokedexPTCApp.swift */; };
		11236ECA29E5ED76003D5D81 /* ContentView.swift in Sources */ = {isa = PBXBuildFile; fileRef = 11236EC929E5ED76003D5D81 /* ContentView.swift */; };
		11236ECC29E5ED77003D5D81 /* Assets.xcassets in Resources */ = {isa = PBXBuildFile; fileRef = 11236ECB29E5ED77003D5D81 /* Assets.xcassets */; };
		11236ED029E5ED77003D5D81 /* Preview Assets.xcassets in Resources */ = {isa = PBXBuildFile; fileRef = 11236ECF29E5ED77003D5D81 /* Preview Assets.xcassets */; };
		11236ED729E5EEEF003D5D81 /* Pokemon.swift in Sources */ = {isa = PBXBuildFile; fileRef = 11236ED629E5EEEF003D5D81 /* Pokemon.swift */; };
		11236ED929E5F09C003D5D81 /* APIService.swift in Sources */ = {isa = PBXBuildFile; fileRef = 11236ED829E5F09C003D5D81 /* APIService.swift */; };
		11236EDD29E5F3A2003D5D81 /* PokemonListViewModel.swift in Sources */ = {isa = PBXBuildFile; fileRef = 11236EDC29E5F3A2003D5D81 /* PokemonListViewModel.swift */; };
		11236EDF29E6111A003D5D81 /* PokemonDetailView.swift in Sources */ = {isa = PBXBuildFile; fileRef = 11236EDE29E6111A003D5D81 /* PokemonDetailView.swift */; };
		11236EE129E616B3003D5D81 /* pokemonMocked.json in Resources */ = {isa = PBXBuildFile; fileRef = 11236EE029E616B3003D5D81 /* pokemonMocked.json */; };
		11236EE329E64700003D5D81 /* Card.swift in Sources */ = {isa = PBXBuildFile; fileRef = 11236EE229E64700003D5D81 /* Card.swift */; };
		11236EE529E64872003D5D81 /* CardsView.swift in Sources */ = {isa = PBXBuildFile; fileRef = 11236EE429E64872003D5D81 /* CardsView.swift */; };
		11236EE829E64FB8003D5D81 /* CardsMocked.json in Resources */ = {isa = PBXBuildFile; fileRef = 11236EE729E64FB8003D5D81 /* CardsMocked.json */; };
		11236EEA29E70E0D003D5D81 /* CardDetail.swift in Sources */ = {isa = PBXBuildFile; fileRef = 11236EE929E70E0D003D5D81 /* CardDetail.swift */; };
		11236EEC29E70F7F003D5D81 /* CardMocked.json in Resources */ = {isa = PBXBuildFile; fileRef = 11236EEB29E70F7F003D5D81 /* CardMocked.json */; };
		11236EEE29E7114A003D5D81 /* PokemonTGCViewModel.swift in Sources */ = {isa = PBXBuildFile; fileRef = 11236EED29E7114A003D5D81 /* PokemonTGCViewModel.swift */; };
		11236EF029E73765003D5D81 /* Utils.swift in Sources */ = {isa = PBXBuildFile; fileRef = 11236EEF29E73765003D5D81 /* Utils.swift */; };
/* End PBXBuildFile section */

/* Begin PBXFileReference section */
		11236EC429E5ED76003D5D81 /* PokedexPTC.app */ = {isa = PBXFileReference; explicitFileType = wrapper.application; includeInIndex = 0; path = PokedexPTC.app; sourceTree = BUILT_PRODUCTS_DIR; };
		11236EC729E5ED76003D5D81 /* PokedexPTCApp.swift */ = {isa = PBXFileReference; lastKnownFileType = sourcecode.swift; path = PokedexPTCApp.swift; sourceTree = "<group>"; };
		11236EC929E5ED76003D5D81 /* ContentView.swift */ = {isa = PBXFileReference; lastKnownFileType = sourcecode.swift; path = ContentView.swift; sourceTree = "<group>"; };
		11236ECB29E5ED77003D5D81 /* Assets.xcassets */ = {isa = PBXFileReference; lastKnownFileType = folder.assetcatalog; path = Assets.xcassets; sourceTree = "<group>"; };
		11236ECD29E5ED77003D5D81 /* PokedexPTC.entitlements */ = {isa = PBXFileReference; lastKnownFileType = text.plist.entitlements; path = PokedexPTC.entitlements; sourceTree = "<group>"; };
		11236ECF29E5ED77003D5D81 /* Preview Assets.xcassets */ = {isa = PBXFileReference; lastKnownFileType = folder.assetcatalog; path = "Preview Assets.xcassets"; sourceTree = "<group>"; };
		11236ED629E5EEEF003D5D81 /* Pokemon.swift */ = {isa = PBXFileReference; lastKnownFileType = sourcecode.swift; path = Pokemon.swift; sourceTree = "<group>"; };
		11236ED829E5F09C003D5D81 /* APIService.swift */ = {isa = PBXFileReference; lastKnownFileType = sourcecode.swift; path = APIService.swift; sourceTree = "<group>"; };
		11236EDC29E5F3A2003D5D81 /* PokemonListViewModel.swift */ = {isa = PBXFileReference; lastKnownFileType = sourcecode.swift; path = PokemonListViewModel.swift; sourceTree = "<group>"; };
		11236EDE29E6111A003D5D81 /* PokemonDetailView.swift */ = {isa = PBXFileReference; lastKnownFileType = sourcecode.swift; path = PokemonDetailView.swift; sourceTree = "<group>"; };
		11236EE029E616B3003D5D81 /* pokemonMocked.json */ = {isa = PBXFileReference; fileEncoding = 4; lastKnownFileType = text.json; path = pokemonMocked.json; sourceTree = SOURCE_ROOT; };
		11236EE229E64700003D5D81 /* Card.swift */ = {isa = PBXFileReference; lastKnownFileType = sourcecode.swift; path = Card.swift; sourceTree = "<group>"; };
		11236EE429E64872003D5D81 /* CardsView.swift */ = {isa = PBXFileReference; lastKnownFileType = sourcecode.swift; path = CardsView.swift; sourceTree = "<group>"; };
		11236EE729E64FB8003D5D81 /* CardsMocked.json */ = {isa = PBXFileReference; fileEncoding = 4; lastKnownFileType = text.json; path = CardsMocked.json; sourceTree = SOURCE_ROOT; };
		11236EE929E70E0D003D5D81 /* CardDetail.swift */ = {isa = PBXFileReference; lastKnownFileType = sourcecode.swift; path = CardDetail.swift; sourceTree = "<group>"; };
		11236EEB29E70F7F003D5D81 /* CardMocked.json */ = {isa = PBXFileReference; fileEncoding = 4; lastKnownFileType = text.json; path = CardMocked.json; sourceTree = SOURCE_ROOT; };
		11236EED29E7114A003D5D81 /* PokemonTGCViewModel.swift */ = {isa = PBXFileReference; lastKnownFileType = sourcecode.swift; path = PokemonTGCViewModel.swift; sourceTree = "<group>"; };
		11236EEF29E73765003D5D81 /* Utils.swift */ = {isa = PBXFileReference; lastKnownFileType = sourcecode.swift; path = Utils.swift; sourceTree = "<group>"; };
/* End PBXFileReference section */

/* Begin PBXFrameworksBuildPhase section */
		11236EC129E5ED76003D5D81 /* Frameworks */ = {
			isa = PBXFrameworksBuildPhase;
			buildActionMask = 2147483647;
			files = (
			);
			runOnlyForDeploymentPostprocessing = 0;
		};
/* End PBXFrameworksBuildPhase section */

/* Begin PBXGroup section */
		11236EBB29E5ED76003D5D81 = {
			isa = PBXGroup;
			children = (
				11236EC629E5ED76003D5D81 /* PokedexPTC */,
				11236EC529E5ED76003D5D81 /* Products */,
			);
			sourceTree = "<group>";
		};
		11236EC529E5ED76003D5D81 /* Products */ = {
			isa = PBXGroup;
			children = (
				11236EC429E5ED76003D5D81 /* PokedexPTC.app */,
			);
			name = Products;
			sourceTree = "<group>";
		};
		11236EC629E5ED76003D5D81 /* PokedexPTC */ = {
			isa = PBXGroup;
			children = (
				11236EC729E5ED76003D5D81 /* PokedexPTCApp.swift */,
				11236EDB29E5F0BC003D5D81 /* Service */,
				11236EDA29E5F0B2003D5D81 /* Model */,
				11236ED829E5F09C003D5D81 /* APIService.swift */,
				11236EDC29E5F3A2003D5D81 /* PokemonListViewModel.swift */,
				11236EED29E7114A003D5D81 /* PokemonTGCViewModel.swift */,
				11236EC929E5ED76003D5D81 /* ContentView.swift */,
				11236EDE29E6111A003D5D81 /* PokemonDetailView.swift */,
				11236EE429E64872003D5D81 /* CardsView.swift */,
				11236EE929E70E0D003D5D81 /* CardDetail.swift */,
				11236ECB29E5ED77003D5D81 /* Assets.xcassets */,
				11236EEF29E73765003D5D81 /* Utils.swift */,
				11236ECD29E5ED77003D5D81 /* PokedexPTC.entitlements */,
				11236EE029E616B3003D5D81 /* pokemonMocked.json */,
				11236EE729E64FB8003D5D81 /* CardsMocked.json */,
				11236EEB29E70F7F003D5D81 /* CardMocked.json */,
				11236ECE29E5ED77003D5D81 /* Preview Content */,
			);
			path = PokedexPTC;
			sourceTree = "<group>";
		};
		11236ECE29E5ED77003D5D81 /* Preview Content */ = {
			isa = PBXGroup;
			children = (
				11236ECF29E5ED77003D5D81 /* Preview Assets.xcassets */,
			);
			path = "Preview Content";
			sourceTree = "<group>";
		};
		11236EDA29E5F0B2003D5D81 /* Model */ = {
			isa = PBXGroup;
			children = (
				11236ED629E5EEEF003D5D81 /* Pokemon.swift */,
				11236EE229E64700003D5D81 /* Card.swift */,
			);
			path = Model;
			sourceTree = "<group>";
		};
		11236EDB29E5F0BC003D5D81 /* Service */ = {
			isa = PBXGroup;
			children = (
			);
			path = Service;
			sourceTree = "<group>";
		};
/* End PBXGroup section */

/* Begin PBXNativeTarget section */
		11236EC329E5ED76003D5D81 /* PokedexPTC */ = {
			isa = PBXNativeTarget;
			buildConfigurationList = 11236ED329E5ED77003D5D81 /* Build configuration list for PBXNativeTarget "PokedexPTC" */;
			buildPhases = (
				11236EC029E5ED76003D5D81 /* Sources */,
				11236EC129E5ED76003D5D81 /* Frameworks */,
				11236EC229E5ED76003D5D81 /* Resources */,
			);
			buildRules = (
			);
			dependencies = (
			);
			name = PokedexPTC;
			productName = PokedexPTC;
			productReference = 11236EC429E5ED76003D5D81 /* PokedexPTC.app */;
			productType = "com.apple.product-type.application";
		};
/* End PBXNativeTarget section */

/* Begin PBXProject section */
		11236EBC29E5ED76003D5D81 /* Project object */ = {
			isa = PBXProject;
			attributes = {
				BuildIndependentTargetsInParallel = 1;
				LastSwiftUpdateCheck = 1430;
				LastUpgradeCheck = 1430;
				TargetAttributes = {
					11236EC329E5ED76003D5D81 = {
						CreatedOnToolsVersion = 14.3;
					};
				};
			};
			buildConfigurationList = 11236EBF29E5ED76003D5D81 /* Build configuration list for PBXProject "PokedexPTC" */;
			compatibilityVersion = "Xcode 14.0";
			developmentRegion = en;
			hasScannedForEncodings = 0;
			knownRegions = (
				en,
				Base,
			);
			mainGroup = 11236EBB29E5ED76003D5D81;
			productRefGroup = 11236EC529E5ED76003D5D81 /* Products */;
			projectDirPath = "";
			projectRoot = "";
			targets = (
				11236EC329E5ED76003D5D81 /* PokedexPTC */,
			);
		};
/* End PBXProject section */

/* Begin PBXResourcesBuildPhase section */
		11236EC229E5ED76003D5D81 /* Resources */ = {
			isa = PBXResourcesBuildPhase;
			buildActionMask = 2147483647;
			files = (
				11236EE829E64FB8003D5D81 /* CardsMocked.json in Resources */,
				11236EE129E616B3003D5D81 /* pokemonMocked.json in Resources */,
				11236ED029E5ED77003D5D81 /* Preview Assets.xcassets in Resources */,
				11236ECC29E5ED77003D5D81 /* Assets.xcassets in Resources */,
				11236EEC29E70F7F003D5D81 /* CardMocked.json in Resources */,
			);
			runOnlyForDeploymentPostprocessing = 0;
		};
/* End PBXResourcesBuildPhase section */

/* Begin PBXSourcesBuildPhase section */
		11236EC029E5ED76003D5D81 /* Sources */ = {
			isa = PBXSourcesBuildPhase;
			buildActionMask = 2147483647;
			files = (
				11236ED929E5F09C003D5D81 /* APIService.swift in Sources */,
				11236ECA29E5ED76003D5D81 /* ContentView.swift in Sources */,
				11236EE329E64700003D5D81 /* Card.swift in Sources */,
				11236EE529E64872003D5D81 /* CardsView.swift in Sources */,
				11236EC829E5ED76003D5D81 /* PokedexPTCApp.swift in Sources */,
				11236EDD29E5F3A2003D5D81 /* PokemonListViewModel.swift in Sources */,
				11236ED729E5EEEF003D5D81 /* Pokemon.swift in Sources */,
				11236EF029E73765003D5D81 /* Utils.swift in Sources */,
				11236EEE29E7114A003D5D81 /* PokemonTGCViewModel.swift in Sources */,
				11236EDF29E6111A003D5D81 /* PokemonDetailView.swift in Sources */,
				11236EEA29E70E0D003D5D81 /* CardDetail.swift in Sources */,
			);
			runOnlyForDeploymentPostprocessing = 0;
		};
/* End PBXSourcesBuildPhase section */

/* Begin XCBuildConfiguration section */
		11236ED129E5ED77003D5D81 /* Debug */ = {
			isa = XCBuildConfiguration;
			buildSettings = {
				ALWAYS_SEARCH_USER_PATHS = NO;
				CLANG_ANALYZER_NONNULL = YES;
				CLANG_ANALYZER_NUMBER_OBJECT_CONVERSION = YES_AGGRESSIVE;
				CLANG_CXX_LANGUAGE_STANDARD = "gnu++20";
				CLANG_ENABLE_MODULES = YES;
				CLANG_ENABLE_OBJC_ARC = YES;
				CLANG_ENABLE_OBJC_WEAK = YES;
				CLANG_WARN_BLOCK_CAPTURE_AUTORELEASING = YES;
				CLANG_WARN_BOOL_CONVERSION = YES;
				CLANG_WARN_COMMA = YES;
				CLANG_WARN_CONSTANT_CONVERSION = YES;
				CLANG_WARN_DEPRECATED_OBJC_IMPLEMENTATIONS = YES;
				CLANG_WARN_DIRECT_OBJC_ISA_USAGE = YES_ERROR;
				CLANG_WARN_DOCUMENTATION_COMMENTS = YES;
				CLANG_WARN_EMPTY_BODY = YES;
				CLANG_WARN_ENUM_CONVERSION = YES;
				CLANG_WARN_INFINITE_RECURSION = YES;
				CLANG_WARN_INT_CONVERSION = YES;
				CLANG_WARN_NON_LITERAL_NULL_CONVERSION = YES;
				CLANG_WARN_OBJC_IMPLICIT_RETAIN_SELF = YES;
				CLANG_WARN_OBJC_LITERAL_CONVERSION = YES;
				CLANG_WARN_OBJC_ROOT_CLASS = YES_ERROR;
				CLANG_WARN_QUOTED_INCLUDE_IN_FRAMEWORK_HEADER = YES;
				CLANG_WARN_RANGE_LOOP_ANALYSIS = YES;
				CLANG_WARN_STRICT_PROTOTYPES = YES;
				CLANG_WARN_SUSPICIOUS_MOVE = YES;
				CLANG_WARN_UNGUARDED_AVAILABILITY = YES_AGGRESSIVE;
				CLANG_WARN_UNREACHABLE_CODE = YES;
				CLANG_WARN__DUPLICATE_METHOD_MATCH = YES;
				COPY_PHASE_STRIP = NO;
				DEBUG_INFORMATION_FORMAT = dwarf;
				ENABLE_STRICT_OBJC_MSGSEND = YES;
				ENABLE_TESTABILITY = YES;
				GCC_C_LANGUAGE_STANDARD = gnu11;
				GCC_DYNAMIC_NO_PIC = NO;
				GCC_NO_COMMON_BLOCKS = YES;
				GCC_OPTIMIZATION_LEVEL = 0;
				GCC_PREPROCESSOR_DEFINITIONS = (
					"DEBUG=1",
					"$(inherited)",
				);
				GCC_WARN_64_TO_32_BIT_CONVERSION = YES;
				GCC_WARN_ABOUT_RETURN_TYPE = YES_ERROR;
				GCC_WARN_UNDECLARED_SELECTOR = YES;
				GCC_WARN_UNINITIALIZED_AUTOS = YES_AGGRESSIVE;
				GCC_WARN_UNUSED_FUNCTION = YES;
				GCC_WARN_UNUSED_VARIABLE = YES;
				MTL_ENABLE_DEBUG_INFO = INCLUDE_SOURCE;
				MTL_FAST_MATH = YES;
				ONLY_ACTIVE_ARCH = YES;
				SWIFT_ACTIVE_COMPILATION_CONDITIONS = DEBUG;
				SWIFT_OPTIMIZATION_LEVEL = "-Onone";
			};
			name = Debug;
		};
		11236ED229E5ED77003D5D81 /* Release */ = {
			isa = XCBuildConfiguration;
			buildSettings = {
				ALWAYS_SEARCH_USER_PATHS = NO;
				CLANG_ANALYZER_NONNULL = YES;
				CLANG_ANALYZER_NUMBER_OBJECT_CONVERSION = YES_AGGRESSIVE;
				CLANG_CXX_LANGUAGE_STANDARD = "gnu++20";
				CLANG_ENABLE_MODULES = YES;
				CLANG_ENABLE_OBJC_ARC = YES;
				CLANG_ENABLE_OBJC_WEAK = YES;
				CLANG_WARN_BLOCK_CAPTURE_AUTORELEASING = YES;
				CLANG_WARN_BOOL_CONVERSION = YES;
				CLANG_WARN_COMMA = YES;
				CLANG_WARN_CONSTANT_CONVERSION = YES;
				CLANG_WARN_DEPRECATED_OBJC_IMPLEMENTATIONS = YES;
				CLANG_WARN_DIRECT_OBJC_ISA_USAGE = YES_ERROR;
				CLANG_WARN_DOCUMENTATION_COMMENTS = YES;
				CLANG_WARN_EMPTY_BODY = YES;
				CLANG_WARN_ENUM_CONVERSION = YES;
				CLANG_WARN_INFINITE_RECURSION = YES;
				CLANG_WARN_INT_CONVERSION = YES;
				CLANG_WARN_NON_LITERAL_NULL_CONVERSION = YES;
				CLANG_WARN_OBJC_IMPLICIT_RETAIN_SELF = YES;
				CLANG_WARN_OBJC_LITERAL_CONVERSION = YES;
				CLANG_WARN_OBJC_ROOT_CLASS = YES_ERROR;
				CLANG_WARN_QUOTED_INCLUDE_IN_FRAMEWORK_HEADER = YES;
				CLANG_WARN_RANGE_LOOP_ANALYSIS = YES;
				CLANG_WARN_STRICT_PROTOTYPES = YES;
				CLANG_WARN_SUSPICIOUS_MOVE = YES;
				CLANG_WARN_UNGUARDED_AVAILABILITY = YES_AGGRESSIVE;
				CLANG_WARN_UNREACHABLE_CODE = YES;
				CLANG_WARN__DUPLICATE_METHOD_MATCH = YES;
				COPY_PHASE_STRIP = NO;
				DEBUG_INFORMATION_FORMAT = "dwarf-with-dsym";
				ENABLE_NS_ASSERTIONS = NO;
				ENABLE_STRICT_OBJC_MSGSEND = YES;
				GCC_C_LANGUAGE_STANDARD = gnu11;
				GCC_NO_COMMON_BLOCKS = YES;
				GCC_WARN_64_TO_32_BIT_CONVERSION = YES;
				GCC_WARN_ABOUT_RETURN_TYPE = YES_ERROR;
				GCC_WARN_UNDECLARED_SELECTOR = YES;
				GCC_WARN_UNINITIALIZED_AUTOS = YES_AGGRESSIVE;
				GCC_WARN_UNUSED_FUNCTION = YES;
				GCC_WARN_UNUSED_VARIABLE = YES;
				MTL_ENABLE_DEBUG_INFO = NO;
				MTL_FAST_MATH = YES;
				SWIFT_COMPILATION_MODE = wholemodule;
				SWIFT_OPTIMIZATION_LEVEL = "-O";
			};
			name = Release;
		};
		11236ED429E5ED77003D5D81 /* Debug */ = {
			isa = XCBuildConfiguration;
			buildSettings = {
				ASSETCATALOG_COMPILER_APPICON_NAME = AppIcon;
				ASSETCATALOG_COMPILER_GLOBAL_ACCENT_COLOR_NAME = AccentColor;
				CODE_SIGN_ENTITLEMENTS = PokedexPTC/PokedexPTC.entitlements;
				CODE_SIGN_STYLE = Automatic;
				CURRENT_PROJECT_VERSION = 1;
				DEVELOPMENT_ASSET_PATHS = "\"PokedexPTC/Preview Content\"";
				DEVELOPMENT_TEAM = WW5K829KP9;
				ENABLE_HARDENED_RUNTIME = YES;
				ENABLE_PREVIEWS = YES;
				GENERATE_INFOPLIST_FILE = YES;
				"INFOPLIST_KEY_UIApplicationSceneManifest_Generation[sdk=iphoneos*]" = YES;
				"INFOPLIST_KEY_UIApplicationSceneManifest_Generation[sdk=iphonesimulator*]" = YES;
				"INFOPLIST_KEY_UIApplicationSupportsIndirectInputEvents[sdk=iphoneos*]" = YES;
				"INFOPLIST_KEY_UIApplicationSupportsIndirectInputEvents[sdk=iphonesimulator*]" = YES;
				"INFOPLIST_KEY_UILaunchScreen_Generation[sdk=iphoneos*]" = YES;
				"INFOPLIST_KEY_UILaunchScreen_Generation[sdk=iphonesimulator*]" = YES;
				"INFOPLIST_KEY_UIStatusBarStyle[sdk=iphoneos*]" = UIStatusBarStyleDefault;
				"INFOPLIST_KEY_UIStatusBarStyle[sdk=iphonesimulator*]" = UIStatusBarStyleDefault;
				INFOPLIST_KEY_UISupportedInterfaceOrientations_iPad = "UIInterfaceOrientationPortrait UIInterfaceOrientationPortraitUpsideDown UIInterfaceOrientationLandscapeLeft UIInterfaceOrientationLandscapeRight";
				INFOPLIST_KEY_UISupportedInterfaceOrientations_iPhone = "UIInterfaceOrientationPortrait UIInterfaceOrientationLandscapeLeft UIInterfaceOrientationLandscapeRight";
				IPHONEOS_DEPLOYMENT_TARGET = 16.4;
				LD_RUNPATH_SEARCH_PATHS = "@executable_path/Frameworks";
				"LD_RUNPATH_SEARCH_PATHS[sdk=macosx*]" = "@executable_path/../Frameworks";
				MACOSX_DEPLOYMENT_TARGET = 13.3;
				MARKETING_VERSION = 1.0;
				PRODUCT_BUNDLE_IDENTIFIER = daniel.beltran.PokedexPTC;
				PRODUCT_NAME = "$(TARGET_NAME)";
				SDKROOT = auto;
				SUPPORTED_PLATFORMS = "iphoneos iphonesimulator macosx";
				SWIFT_EMIT_LOC_STRINGS = YES;
				SWIFT_VERSION = 5.0;
				TARGETED_DEVICE_FAMILY = "1,2";
			};
			name = Debug;
		};
		11236ED529E5ED77003D5D81 /* Release */ = {
			isa = XCBuildConfiguration;
			buildSettings = {
				ASSETCATALOG_COMPILER_APPICON_NAME = AppIcon;
				ASSETCATALOG_COMPILER_GLOBAL_ACCENT_COLOR_NAME = AccentColor;
				CODE_SIGN_ENTITLEMENTS = PokedexPTC/PokedexPTC.entitlements;
				CODE_SIGN_STYLE = Automatic;
				CURRENT_PROJECT_VERSION = 1;
				DEVELOPMENT_ASSET_PATHS = "\"PokedexPTC/Preview Content\"";
				DEVELOPMENT_TEAM = WW5K829KP9;
				ENABLE_HARDENED_RUNTIME = YES;
				ENABLE_PREVIEWS = YES;
				GENERATE_INFOPLIST_FILE = YES;
				"INFOPLIST_KEY_UIApplicationSceneManifest_Generation[sdk=iphoneos*]" = YES;
				"INFOPLIST_KEY_UIApplicationSceneManifest_Generation[sdk=iphonesimulator*]" = YES;
				"INFOPLIST_KEY_UIApplicationSupportsIndirectInputEvents[sdk=iphoneos*]" = YES;
				"INFOPLIST_KEY_UIApplicationSupportsIndirectInputEvents[sdk=iphonesimulator*]" = YES;
				"INFOPLIST_KEY_UILaunchScreen_Generation[sdk=iphoneos*]" = YES;
				"INFOPLIST_KEY_UILaunchScreen_Generation[sdk=iphonesimulator*]" = YES;
				"INFOPLIST_KEY_UIStatusBarStyle[sdk=iphoneos*]" = UIStatusBarStyleDefault;
				"INFOPLIST_KEY_UIStatusBarStyle[sdk=iphonesimulator*]" = UIStatusBarStyleDefault;
				INFOPLIST_KEY_UISupportedInterfaceOrientations_iPad = "UIInterfaceOrientationPortrait UIInterfaceOrientationPortraitUpsideDown UIInterfaceOrientationLandscapeLeft UIInterfaceOrientationLandscapeRight";
				INFOPLIST_KEY_UISupportedInterfaceOrientations_iPhone = "UIInterfaceOrientationPortrait UIInterfaceOrientationLandscapeLeft UIInterfaceOrientationLandscapeRight";
				IPHONEOS_DEPLOYMENT_TARGET = 16.4;
				LD_RUNPATH_SEARCH_PATHS = "@executable_path/Frameworks";
				"LD_RUNPATH_SEARCH_PATHS[sdk=macosx*]" = "@executable_path/../Frameworks";
				MACOSX_DEPLOYMENT_TARGET = 13.3;
				MARKETING_VERSION = 1.0;
				PRODUCT_BUNDLE_IDENTIFIER = daniel.beltran.PokedexPTC;
				PRODUCT_NAME = "$(TARGET_NAME)";
				SDKROOT = auto;
				SUPPORTED_PLATFORMS = "iphoneos iphonesimulator macosx";
				SWIFT_EMIT_LOC_STRINGS = YES;
				SWIFT_VERSION = 5.0;
				TARGETED_DEVICE_FAMILY = "1,2";
			};
			name = Release;
		};
/* End XCBuildConfiguration section */

/* Begin XCConfigurationList section */
		11236EBF29E5ED76003D5D81 /* Build configuration list for PBXProject "PokedexPTC" */ = {
			isa = XCConfigurationList;
			buildConfigurations = (
				11236ED129E5ED77003D5D81 /* Debug */,
				11236ED229E5ED77003D5D81 /* Release */,
			);
			defaultConfigurationIsVisible = 0;
			defaultConfigurationName = Release;
		};
		11236ED329E5ED77003D5D81 /* Build configuration list for PBXNativeTarget "PokedexPTC" */ = {
			isa = XCConfigurationList;
			buildConfigurations = (
				11236ED429E5ED77003D5D81 /* Debug */,
				11236ED529E5ED77003D5D81 /* Release */,
			);
			defaultConfigurationIsVisible = 0;
			defaultConfigurationName = Release;
		};
/* End XCConfigurationList section */
	};
	rootObject = 11236EBC29E5ED76003D5D81 /* Project object */;
}
